# Generated by scripts/lock_dependencies.ps1; do not hand edit.
# Windows x64 / CPython 3.13 artifact lock.
--require-hashes
--only-binary=:all:
--index-url https://pypi.org/simple

altgraph==0.17.5 --hash=sha256:f3a22400bce1b0c701683820ac4f3b159cd301acab067c51c653e06961600597
packaging==25.0 --hash=sha256:29572ef2b1f17581046b3a2227d5c611fb25ec70ca1ba8554b24b0e69331a484
pefile==2024.8.26 --hash=sha256:76f8b485dcd3b1bb8166f1128d395fa3d87af26360c2358fb75b80019b957c6f
pip==25.2 --hash=sha256:6d67a2b4e7f14d8b31b8b52648866fa717f45a1eb70e83002f4331d07e953717
pyinstaller==6.19.0 --hash=sha256:b5bb6536c6560330d364d91522250f254b107cf69129d9cbcd0e6727c570be33
pyinstaller-hooks-contrib==2026.4 --hash=sha256:1de1a5e49a878122010b88c7e295502bc69776c157c4a4dc78741a4e6178b00f
pywin32-ctypes==0.2.3 --hash=sha256:8a1513379d709975552d202d942d9837758905c8d01eb82b8bcc30918929e7b8
setuptools==80.9.0 --hash=sha256:062d34222ad13e0cc312a4c02d73f059e86a4acbfbdea8f8f76b28c99f306922
