# Generated by scripts/lock_dependencies.ps1; do not hand edit.
# Windows x64 / CPython 3.13 artifact lock.
--require-hashes
--index-url https://pypi.org/simple

bottle==0.13.4 --hash=sha256:045684fbd2764eac9cdeb824861d1551d113e8b683d8d26e296898d3dd99a12e
cffi==2.0.0 --hash=sha256:19f705ada2530c1167abacb171925dd886168931e0a7b78f5bffcae5c6b5be75
clr-loader==0.2.10 --hash=sha256:ebbbf9d511a7fe95fa28a95a4e04cd195b097881dfe66158dc2c281d3536f282
pillow==12.2.0 --hash=sha256:390ede346628ccc626e5730107cde16c42d3836b89662a115a921f28440e6a3b
proxy-tools==0.1.0 --hash=sha256:ccb3751f529c047e2d8a58440d86b205303cf0fe8146f784d1cbcd94f0a28010
psutil==7.0.0 --hash=sha256:4cf3d4eb1aa9b348dec30105c55cd9b7d4629285735a102beb4441e38db90553
pycparser==3.0 --hash=sha256:b727414169a36b7d524c1c3e31839a521725078d7b2ff038656844266160a992
pystray==0.19.5 --hash=sha256:a0c2229d02cf87207297c22d86ffc57c86c227517b038c0d3c59df79295ac617
pythonnet==3.0.5 --hash=sha256:f6702d694d5d5b163c9f3f5cc34e0bed8d6857150237fae411fefb883a656d20
pywebview==6.2.1 --hash=sha256:9d07275f53894ab4d5e2e0e996227193e7187dec276d9b624dccbce029216b46
six==1.17.0 --hash=sha256:4721f391ed90541fddacab5acf947aa0d3dc7d27b2e1e8eda2be8970586c3274
typing-extensions==4.13.0 --hash=sha256:c8dd92cc0d6425a97c18fbb9d1954e5ff92c1ca881a309c45f06ebc0b79058e5
